
Microsoft Visual Studio Solution File, Format Version 12.00
# Visual Studio Version 17
VisualStudioVersion = 17.11.35327.3
MinimumVisualStudioVersion = 10.0.40219.1
Project("{9A19103F-16F7-4668-BE54-9A1E7A4F7556}") = "SqlDataGenerator.Abstract", "SqlDataGenerator.Abstract\SqlDataGenerator.Abstract.csproj", "{07F52CF5-BCA3-4328-81D3-3E9960D7F75A}"
EndProject
Project("{9A19103F-16F7-4668-BE54-9A1E7A4F7556}") = "SqlDataGenerator.Logic", "SqlDataGenerator.Logic\SqlDataGenerator.Logic.csproj", "{E4A3772A-7C95-45A5-A96A-CD07E6AABE25}"
EndProject
Project("{9A19103F-16F7-4668-BE54-9A1E7A4F7556}") = "SqlDataGenerator.Models", "SqlDataGenerator.Models\SqlDataGenerator.Models.csproj", "{8E86B4D9-B50D-44AE-AF31-EF7F398DBCF3}"
EndProject
Project("{9A19103F-16F7-4668-BE54-9A1E7A4F7556}") = "SqlDataGeneratorAPI.Endpoints", "SqlDataGeneratoraAPI.Endpoints\SqlDataGeneratorAPI.Endpoints.csproj", "{79FF4342-AE68-4C9E-8AF0-06F1D832129F}"
EndProject
Global
	GlobalSection(SolutionConfigurationPlatforms) = preSolution
		Debug|Any CPU = Debug|Any CPU
		Release|Any CPU = Release|Any CPU
	EndGlobalSection
	GlobalSection(ProjectConfigurationPlatforms) = postSolution
		{07F52CF5-BCA3-4328-81D3-3E9960D7F75A}.Debug|Any CPU.ActiveCfg = Debug|Any CPU
		{07F52CF5-BCA3-4328-81D3-3E9960D7F75A}.Debug|Any CPU.Build.0 = Debug|Any CPU
		{07F52CF5-BCA3-4328-81D3-3E9960D7F75A}.Release|Any CPU.ActiveCfg = Release|Any CPU
		{07F52CF5-BCA3-4328-81D3-3E9960D7F75A}.Release|Any CPU.Build.0 = Release|Any CPU
		{E4A3772A-7C95-45A5-A96A-CD07E6AABE25}.Debug|Any CPU.ActiveCfg = Debug|Any CPU
		{E4A3772A-7C95-45A5-A96A-CD07E6AABE25}.Debug|Any CPU.Build.0 = Debug|Any CPU
		{E4A3772A-7C95-45A5-A96A-CD07E6AABE25}.Release|Any CPU.ActiveCfg = Release|Any CPU
		{E4A3772A-7C95-45A5-A96A-CD07E6AABE25}.Release|Any CPU.Build.0 = Release|Any CPU
		{8E86B4D9-B50D-44AE-AF31-EF7F398DBCF3}.Debug|Any CPU.ActiveCfg = Debug|Any CPU
		{8E86B4D9-B50D-44AE-AF31-EF7F398DBCF3}.Debug|Any CPU.Build.0 = Debug|Any CPU
		{8E86B4D9-B50D-44AE-AF31-EF7F398DBCF3}.Release|Any CPU.ActiveCfg = Release|Any CPU
		{8E86B4D9-B50D-44AE-AF31-EF7F398DBCF3}.Release|Any CPU.Build.0 = Release|Any CPU
		{79FF4342-AE68-4C9E-8AF0-06F1D832129F}.Debug|Any CPU.ActiveCfg = Debug|Any CPU
		{79FF4342-AE68-4C9E-8AF0-06F1D832129F}.Debug|Any CPU.Build.0 = Debug|Any CPU
		{79FF4342-AE68-4C9E-8AF0-06F1D832129F}.Release|Any CPU.ActiveCfg = Release|Any CPU
		{79FF4342-AE68-4C9E-8AF0-06F1D832129F}.Release|Any CPU.Build.0 = Release|Any CPU
	EndGlobalSection
	GlobalSection(SolutionProperties) = preSolution
		HideSolutionNode = FALSE
	EndGlobalSection
	GlobalSection(ExtensibilityGlobals) = postSolution
		SolutionGuid = {258D8380-291D-4957-A96E-FD944D180F7E}
	EndGlobalSection
EndGlobal
